
Microsoft Visual Studio Solution File, Format Version 12.00
# Visual Studio Version 17
VisualStudioVersion = 17.14.36804.6 d17.14
MinimumVisualStudioVersion = 10.0.40219.1
Project("{FAE04EC0-301F-11D3-BF4B-00C04F79EFBC}") = "wpf_tut", "wpf_tut.csproj", "{6B9B2389-B0F4-4A02-91BC-FEC176230F4E}"
EndProject
Global
	GlobalSection(SolutionConfigurationPlatforms) = preSolution
		Debug|Any CPU = Debug|Any CPU
		Release|Any CPU = Release|Any CPU
	EndGlobalSection
	GlobalSection(ProjectConfigurationPlatforms) = postSolution
		{6B9B2389-B0F4-4A02-91BC-FEC176230F4E}.Debug|Any CPU.ActiveCfg = Debug|Any CPU
		{6B9B2389-B0F4-4A02-91BC-FEC176230F4E}.Debug|Any CPU.Build.0 = Debug|Any CPU
		{6B9B2389-B0F4-4A02-91BC-FEC176230F4E}.Release|Any CPU.ActiveCfg = Release|Any CPU
		{6B9B2389-B0F4-4A02-91BC-FEC176230F4E}.Release|Any CPU.Build.0 = Release|Any CPU
	EndGlobalSection
	GlobalSection(SolutionProperties) = preSolution
		HideSolutionNode = FALSE
	EndGlobalSection
	GlobalSection(ExtensibilityGlobals) = postSolution
		SolutionGuid = {CF2AEEE1-5F1C-4686-90A1-2DE82D484022}
	EndGlobalSection
EndGlobal
